{
  "nodes": {
    "immer-src": {
      "flake": false,
      "locked": {
        "lastModified": 1634324349,
        "narHash": "sha256-1OicqmyM3Rcrs/jkRMip2pXITQnVDRrHbQbEpZZ4nnU=",
        "owner": "runtimeverification",
        "repo": "immer",
        "rev": "198c2ae260d49ef1800a2fe4433e07d7dec20059",
        "type": "github"
      },
      "original": {
        "owner": "runtimeverification",
        "repo": "immer",
        "rev": "198c2ae260d49ef1800a2fe4433e07d7dec20059",
        "type": "github"
      }
    },
    "mavenix": {
      "inputs": {
        "nixpkgs": "nixpkgs",
        "utils": "utils"
      },
      "locked": {
        "lastModified": 1643802645,
        "narHash": "sha256-BynM25iwp/l3FyrcHqiNJdDxvN6IxSM3/zkFR6PD3B0=",
        "owner": "nix-community",
        "repo": "mavenix",
        "rev": "ce9ddfd7f361190e8e8dcfaf6b8282eebbb3c7cb",
        "type": "github"
      },
      "original": {
        "owner": "nix-community",
        "repo": "mavenix",
        "type": "github"
      }
    },
    "nixpkgs": {
      "locked": {
        "lastModified": 1621552131,
        "narHash": "sha256-AD/AEXv+QOYAg0PIqMYv2nbGOGTIwfOGKtz3rE+y+Tc=",
        "owner": "NixOS",
        "repo": "nixpkgs",
        "rev": "d42cd445dde587e9a993cd9434cb43da07c4c5de",
        "type": "github"
      },
      "original": {
        "id": "nixpkgs",
        "type": "indirect"
      }
    },
    "nixpkgs_2": {
      "locked": {
        "lastModified": 1648022474,
        "narHash": "sha256-Camm/RoFF72p91kES1AK+j0fYsrR6zUZhI/D9bU4HGg=",
        "owner": "nixos",
        "repo": "nixpkgs",
        "rev": "a923e194a3f21ed8a31367c96530a06756ed993e",
        "type": "github"
      },
      "original": {
        "owner": "nixos",
        "repo": "nixpkgs",
        "rev": "a923e194a3f21ed8a31367c96530a06756ed993e",
        "type": "github"
      }
    },
    "rapidjson-src": {
      "flake": false,
      "locked": {
        "lastModified": 1472111945,
        "narHash": "sha256-SxUXSOQDZ0/3zlFI4R84J56/1fkw2jhge4mexNF6Pco=",
        "owner": "Tencent",
        "repo": "rapidjson",
        "rev": "f54b0e47a08782a6131cc3d60f94d038fa6e0a51",
        "type": "github"
      },
      "original": {
        "owner": "Tencent",
        "repo": "rapidjson",
        "rev": "f54b0e47a08782a6131cc3d60f94d038fa6e0a51",
        "type": "github"
      }
    },
    "root": {
      "inputs": {
        "immer-src": "immer-src",
        "mavenix": "mavenix",
        "nixpkgs": "nixpkgs_2",
        "rapidjson-src": "rapidjson-src",
        "utils": "utils_2"
      }
    },
    "utils": {
      "locked": {
        "lastModified": 1620759905,
        "narHash": "sha256-WiyWawrgmyN0EdmiHyG2V+fqReiVi8bM9cRdMaKQOFg=",
        "owner": "numtide",
        "repo": "flake-utils",
        "rev": "b543720b25df6ffdfcf9227afafc5b8c1fabfae8",
        "type": "github"
      },
      "original": {
        "owner": "numtide",
        "repo": "flake-utils",
        "type": "github"
      }
    },
    "utils_2": {
      "locked": {
        "lastModified": 1652776076,
        "narHash": "sha256-gzTw/v1vj4dOVbpBSJX4J0DwUR6LIyXo7/SuuTJp1kM=",
        "owner": "numtide",
        "repo": "flake-utils",
        "rev": "04c1b180862888302ddfb2e3ad9eaa63afc60cf8",
        "type": "github"
      },
      "original": {
        "owner": "numtide",
        "repo": "flake-utils",
        "type": "github"
      }
    }
  },
  "root": "root",
  "version": 7
}
