{
  "nodes": {
    "fmt-src": {
      "flake": false,
      "locked": {
        "lastModified": 1661615830,
        "narHash": "sha256-rP6ymyRc7LnKxUXwPpzhHOQvpJkpnRFOt2ctvUNlYI0=",
        "owner": "fmtlib",
        "repo": "fmt",
        "rev": "a33701196adfad74917046096bf5a2aa0ab0bb50",
        "type": "github"
      },
      "original": {
        "owner": "fmtlib",
        "ref": "9.1.0",
        "repo": "fmt",
        "type": "github"
      }
    },
    "immer-src": {
      "flake": false,
      "locked": {
        "lastModified": 1634324349,
        "narHash": "sha256-1OicqmyM3Rcrs/jkRMip2pXITQnVDRrHbQbEpZZ4nnU=",
        "owner": "runtimeverification",
        "repo": "immer",
        "rev": "198c2ae260d49ef1800a2fe4433e07d7dec20059",
        "type": "github"
      },
      "original": {
        "owner": "runtimeverification",
        "repo": "immer",
        "rev": "198c2ae260d49ef1800a2fe4433e07d7dec20059",
        "type": "github"
      }
    },
    "mavenix": {
      "inputs": {
        "nixpkgs": "nixpkgs",
        "utils": "utils"
      },
      "locked": {
        "lastModified": 1643802645,
        "narHash": "sha256-BynM25iwp/l3FyrcHqiNJdDxvN6IxSM3/zkFR6PD3B0=",
        "owner": "nix-community",
        "repo": "mavenix",
        "rev": "ce9ddfd7f361190e8e8dcfaf6b8282eebbb3c7cb",
        "type": "github"
      },
      "original": {
        "owner": "nix-community",
        "repo": "mavenix",
        "type": "github"
      }
    },
    "nixpkgs": {
      "locked": {
        "lastModified": 1621552131,
        "narHash": "sha256-AD/AEXv+QOYAg0PIqMYv2nbGOGTIwfOGKtz3rE+y+Tc=",
        "owner": "NixOS",
        "repo": "nixpkgs",
        "rev": "d42cd445dde587e9a993cd9434cb43da07c4c5de",
        "type": "github"
      },
      "original": {
        "id": "nixpkgs",
        "type": "indirect"
      }
    },
    "nixpkgs_2": {
      "locked": {
        "lastModified": 1706262438,
        "narHash": "sha256-Guf/5Gj5Ou9nO2BwOgw0CbO/+7ifJTK1bdWaVKSwRJs=",
        "owner": "nixos",
        "repo": "nixpkgs",
        "rev": "da25b2382decfe23df6a4b8e284f524c6baec78f",
        "type": "github"
      },
      "original": {
        "owner": "nixos",
        "repo": "nixpkgs",
        "type": "github"
      }
    },
    "pybind11-src": {
      "flake": false,
      "locked": {
        "lastModified": 1657936673,
        "narHash": "sha256-/X8DZPFsNrKGbhjZ1GFOj17/NU6p4R+saCW3pLKVNeA=",
        "owner": "pybind",
        "repo": "pybind11",
        "rev": "0ba639d6177659c5dc2955ac06ad7b5b0d22e05c",
        "type": "github"
      },
      "original": {
        "owner": "pybind",
        "repo": "pybind11",
        "rev": "0ba639d6177659c5dc2955ac06ad7b5b0d22e05c",
        "type": "github"
      }
    },
    "rapidjson-src": {
      "flake": false,
      "locked": {
        "lastModified": 1472111945,
        "narHash": "sha256-SxUXSOQDZ0/3zlFI4R84J56/1fkw2jhge4mexNF6Pco=",
        "owner": "Tencent",
        "repo": "rapidjson",
        "rev": "f54b0e47a08782a6131cc3d60f94d038fa6e0a51",
        "type": "github"
      },
      "original": {
        "owner": "Tencent",
        "repo": "rapidjson",
        "rev": "f54b0e47a08782a6131cc3d60f94d038fa6e0a51",
        "type": "github"
      }
    },
    "root": {
      "inputs": {
        "fmt-src": "fmt-src",
        "immer-src": "immer-src",
        "mavenix": "mavenix",
        "nixpkgs": "nixpkgs_2",
        "pybind11-src": "pybind11-src",
        "rapidjson-src": "rapidjson-src",
        "utils": "utils_2"
      }
    },
    "systems": {
      "locked": {
        "lastModified": 1681028828,
        "narHash": "sha256-Vy1rq5AaRuLzOxct8nz4T6wlgyUR7zLU309k9mBC768=",
        "owner": "nix-systems",
        "repo": "default",
        "rev": "da67096a3b9bf56a91d16901293e51ba5b49a27e",
        "type": "github"
      },
      "original": {
        "owner": "nix-systems",
        "repo": "default",
        "type": "github"
      }
    },
    "utils": {
      "locked": {
        "lastModified": 1620759905,
        "narHash": "sha256-WiyWawrgmyN0EdmiHyG2V+fqReiVi8bM9cRdMaKQOFg=",
        "owner": "numtide",
        "repo": "flake-utils",
        "rev": "b543720b25df6ffdfcf9227afafc5b8c1fabfae8",
        "type": "github"
      },
      "original": {
        "owner": "numtide",
        "repo": "flake-utils",
        "type": "github"
      }
    },
    "utils_2": {
      "inputs": {
        "systems": "systems"
      },
      "locked": {
        "lastModified": 1681202837,
        "narHash": "sha256-H+Rh19JDwRtpVPAWp64F+rlEtxUWBAQW28eAi3SRSzg=",
        "owner": "numtide",
        "repo": "flake-utils",
        "rev": "cfacdce06f30d2b68473a46042957675eebb3401",
        "type": "github"
      },
      "original": {
        "owner": "numtide",
        "repo": "flake-utils",
        "type": "github"
      }
    }
  },
  "root": "root",
  "version": 7
}
